
Microsoft Visual Studio Solution File, Format Version 12.00
# Visual Studio 15
VisualStudioVersion = 15.0.28307.1145
MinimumVisualStudioVersion = 10.0.40219.1
Project("{FAE04EC0-301F-11D3-BF4B-00C04F79EFBC}") = "Day03_Operators", "Day03_Operators\Day03_Operators.csproj", "{F3BC4B35-D2CE-4B25-975F-E2D5CB157FBF}"
EndProject
Global
	GlobalSection(SolutionConfigurationPlatforms) = preSolution
		Debug|Any CPU = Debug|Any CPU
		Release|Any CPU = Release|Any CPU
	EndGlobalSection
	GlobalSection(ProjectConfigurationPlatforms) = postSolution
		{F3BC4B35-D2CE-4B25-975F-E2D5CB157FBF}.Debug|Any CPU.ActiveCfg = Debug|Any CPU
		{F3BC4B35-D2CE-4B25-975F-E2D5CB157FBF}.Debug|Any CPU.Build.0 = Debug|Any CPU
		{F3BC4B35-D2CE-4B25-975F-E2D5CB157FBF}.Release|Any CPU.ActiveCfg = Release|Any CPU
		{F3BC4B35-D2CE-4B25-975F-E2D5CB157FBF}.Release|Any CPU.Build.0 = Release|Any CPU
	EndGlobalSection
	GlobalSection(SolutionProperties) = preSolution
		HideSolutionNode = FALSE
	EndGlobalSection
	GlobalSection(ExtensibilityGlobals) = postSolution
		SolutionGuid = {78917152-51EE-4FAD-B97A-1F83F4E55B70}
	EndGlobalSection
EndGlobal
