
Microsoft Visual Studio Solution File, Format Version 12.00
# Visual Studio 15
VisualStudioVersion = 15.0.28307.1145
MinimumVisualStudioVersion = 10.0.40219.1
Project("{FAE04EC0-301F-11D3-BF4B-00C04F79EFBC}") = "Day09_Recursion", "Day09_Recursion\Day09_Recursion.csproj", "{9489B97D-EC13-4745-B8ED-0CA98FCFC17C}"
EndProject
Global
	GlobalSection(SolutionConfigurationPlatforms) = preSolution
		Debug|Any CPU = Debug|Any CPU
		Release|Any CPU = Release|Any CPU
	EndGlobalSection
	GlobalSection(ProjectConfigurationPlatforms) = postSolution
		{9489B97D-EC13-4745-B8ED-0CA98FCFC17C}.Debug|Any CPU.ActiveCfg = Debug|Any CPU
		{9489B97D-EC13-4745-B8ED-0CA98FCFC17C}.Debug|Any CPU.Build.0 = Debug|Any CPU
		{9489B97D-EC13-4745-B8ED-0CA98FCFC17C}.Release|Any CPU.ActiveCfg = Release|Any CPU
		{9489B97D-EC13-4745-B8ED-0CA98FCFC17C}.Release|Any CPU.Build.0 = Release|Any CPU
	EndGlobalSection
	GlobalSection(SolutionProperties) = preSolution
		HideSolutionNode = FALSE
	EndGlobalSection
	GlobalSection(ExtensibilityGlobals) = postSolution
		SolutionGuid = {676F5BD9-33FB-407F-95F9-689CB1231BB2}
	EndGlobalSection
EndGlobal
