
Microsoft Visual Studio Solution File, Format Version 12.00
# Visual Studio 15
VisualStudioVersion = 15.0.28307.1145
MinimumVisualStudioVersion = 10.0.40219.1
Project("{FAE04EC0-301F-11D3-BF4B-00C04F79EFBC}") = "Day04_ClassVsInstance", "Day04_ClassVsInstance\Day04_ClassVsInstance.csproj", "{8F81B6B0-63BC-4C4F-A0F5-C59A3D95C8A6}"
EndProject
Global
	GlobalSection(SolutionConfigurationPlatforms) = preSolution
		Debug|Any CPU = Debug|Any CPU
		Release|Any CPU = Release|Any CPU
	EndGlobalSection
	GlobalSection(ProjectConfigurationPlatforms) = postSolution
		{8F81B6B0-63BC-4C4F-A0F5-C59A3D95C8A6}.Debug|Any CPU.ActiveCfg = Debug|Any CPU
		{8F81B6B0-63BC-4C4F-A0F5-C59A3D95C8A6}.Debug|Any CPU.Build.0 = Debug|Any CPU
		{8F81B6B0-63BC-4C4F-A0F5-C59A3D95C8A6}.Release|Any CPU.ActiveCfg = Release|Any CPU
		{8F81B6B0-63BC-4C4F-A0F5-C59A3D95C8A6}.Release|Any CPU.Build.0 = Release|Any CPU
	EndGlobalSection
	GlobalSection(SolutionProperties) = preSolution
		HideSolutionNode = FALSE
	EndGlobalSection
	GlobalSection(ExtensibilityGlobals) = postSolution
		SolutionGuid = {639E5864-E132-4AE1-837F-DD7A57649CD5}
	EndGlobalSection
EndGlobal
